
Microsoft Visual Studio Solution File, Format Version 12.00
# Visual Studio 2015
Project("{FAE04EC0-301F-11D3-BF4B-00C04F79EFBC}") = "SaveTheFire-master", "SaveTheFire-master.csproj", "{98CB3E2A-9377-5AE9-9F6A-405B37B3CEE4}"
EndProject
Project("{FAE04EC0-301F-11D3-BF4B-00C04F79EFBC}") = "SaveTheFire-master.Editor", "SaveTheFire-master.Editor.csproj", "{8F864E40-0C79-A3D2-9A41-75CD7D9BE6AA}"
EndProject
Global
	GlobalSection(SolutionConfigurationPlatforms) = preSolution
		Debug|Any CPU = Debug|Any CPU
		Release|Any CPU = Release|Any CPU
	EndGlobalSection
	GlobalSection(ProjectConfigurationPlatforms) = postSolution
		{98CB3E2A-9377-5AE9-9F6A-405B37B3CEE4}.Debug|Any CPU.ActiveCfg = Debug|Any CPU
		{98CB3E2A-9377-5AE9-9F6A-405B37B3CEE4}.Debug|Any CPU.Build.0 = Debug|Any CPU
		{98CB3E2A-9377-5AE9-9F6A-405B37B3CEE4}.Release|Any CPU.ActiveCfg = Release|Any CPU
		{98CB3E2A-9377-5AE9-9F6A-405B37B3CEE4}.Release|Any CPU.Build.0 = Release|Any CPU
		{8F864E40-0C79-A3D2-9A41-75CD7D9BE6AA}.Debug|Any CPU.ActiveCfg = Debug|Any CPU
		{8F864E40-0C79-A3D2-9A41-75CD7D9BE6AA}.Debug|Any CPU.Build.0 = Debug|Any CPU
		{8F864E40-0C79-A3D2-9A41-75CD7D9BE6AA}.Release|Any CPU.ActiveCfg = Release|Any CPU
		{8F864E40-0C79-A3D2-9A41-75CD7D9BE6AA}.Release|Any CPU.Build.0 = Release|Any CPU
	EndGlobalSection
	GlobalSection(SolutionProperties) = preSolution
		HideSolutionNode = FALSE
	EndGlobalSection
EndGlobal
