
Microsoft Visual Studio Solution File, Format Version 12.00
# Visual Studio 2015
Project("{FAE04EC0-301F-11D3-BF4B-00C04F79EFBC}") = "SaveTheFire06_02_2017", "SaveTheFire06_02_2017.csproj", "{1A043A9F-5191-6188-D657-F94EAD120C54}"
EndProject
Project("{FAE04EC0-301F-11D3-BF4B-00C04F79EFBC}") = "SaveTheFire06_02_2017.Editor", "SaveTheFire06_02_2017.Editor.csproj", "{38598FF9-5E5B-55A8-7A85-2422F373A886}"
EndProject
Global
	GlobalSection(SolutionConfigurationPlatforms) = preSolution
		Debug|Any CPU = Debug|Any CPU
		Release|Any CPU = Release|Any CPU
	EndGlobalSection
	GlobalSection(ProjectConfigurationPlatforms) = postSolution
		{1A043A9F-5191-6188-D657-F94EAD120C54}.Debug|Any CPU.ActiveCfg = Debug|Any CPU
		{1A043A9F-5191-6188-D657-F94EAD120C54}.Debug|Any CPU.Build.0 = Debug|Any CPU
		{1A043A9F-5191-6188-D657-F94EAD120C54}.Release|Any CPU.ActiveCfg = Release|Any CPU
		{1A043A9F-5191-6188-D657-F94EAD120C54}.Release|Any CPU.Build.0 = Release|Any CPU
		{38598FF9-5E5B-55A8-7A85-2422F373A886}.Debug|Any CPU.ActiveCfg = Debug|Any CPU
		{38598FF9-5E5B-55A8-7A85-2422F373A886}.Debug|Any CPU.Build.0 = Debug|Any CPU
		{38598FF9-5E5B-55A8-7A85-2422F373A886}.Release|Any CPU.ActiveCfg = Release|Any CPU
		{38598FF9-5E5B-55A8-7A85-2422F373A886}.Release|Any CPU.Build.0 = Release|Any CPU
	EndGlobalSection
	GlobalSection(SolutionProperties) = preSolution
		HideSolutionNode = FALSE
	EndGlobalSection
EndGlobal
