
Microsoft Visual Studio Solution File, Format Version 12.00
# Visual Studio 2015
Project("{FAE04EC0-301F-11D3-BF4B-00C04F79EFBC}") = "SaveTheFireNotfall", "SaveTheFireNotfall.csproj", "{4E687323-6811-1A2B-0ECA-CCB913D8E4AF}"
EndProject
Project("{FAE04EC0-301F-11D3-BF4B-00C04F79EFBC}") = "SaveTheFireNotfall.Editor", "SaveTheFireNotfall.Editor.csproj", "{11701E01-D13E-ABE7-B6EF-37357A018F43}"
EndProject
Global
	GlobalSection(SolutionConfigurationPlatforms) = preSolution
		Debug|Any CPU = Debug|Any CPU
		Release|Any CPU = Release|Any CPU
	EndGlobalSection
	GlobalSection(ProjectConfigurationPlatforms) = postSolution
		{4E687323-6811-1A2B-0ECA-CCB913D8E4AF}.Debug|Any CPU.ActiveCfg = Debug|Any CPU
		{4E687323-6811-1A2B-0ECA-CCB913D8E4AF}.Debug|Any CPU.Build.0 = Debug|Any CPU
		{4E687323-6811-1A2B-0ECA-CCB913D8E4AF}.Release|Any CPU.ActiveCfg = Release|Any CPU
		{4E687323-6811-1A2B-0ECA-CCB913D8E4AF}.Release|Any CPU.Build.0 = Release|Any CPU
		{11701E01-D13E-ABE7-B6EF-37357A018F43}.Debug|Any CPU.ActiveCfg = Debug|Any CPU
		{11701E01-D13E-ABE7-B6EF-37357A018F43}.Debug|Any CPU.Build.0 = Debug|Any CPU
		{11701E01-D13E-ABE7-B6EF-37357A018F43}.Release|Any CPU.ActiveCfg = Release|Any CPU
		{11701E01-D13E-ABE7-B6EF-37357A018F43}.Release|Any CPU.Build.0 = Release|Any CPU
	EndGlobalSection
	GlobalSection(SolutionProperties) = preSolution
		HideSolutionNode = FALSE
	EndGlobalSection
EndGlobal
